// !$*UTF8*$!
{
	archiveVersion = 1;
	classes = {
	};
	objectVersion = 50;
	objects = {

/* Begin PBXBuildFile section */
		D5002B5A21AA295100052935 /* AppDelegate.swift in Sources */ = {isa = PBXBuildFile; fileRef = D5002B5921AA295100052935 /* AppDelegate.swift */; };
		D5002B5C21AA295100052935 /* ViewController.swift in Sources */ = {isa = PBXBuildFile; fileRef = D5002B5B21AA295100052935 /* ViewController.swift */; };
		D5002B5F21AA295100052935 /* Main.storyboard in Resources */ = {isa = PBXBuildFile; fileRef = D5002B5D21AA295100052935 /* Main.storyboard */; };
		D5002B6121AA295400052935 /* Assets.xcassets in Resources */ = {isa = PBXBuildFile; fileRef = D5002B6021AA295400052935 /* Assets.xcassets */; };
		D5002B6421AA295400052935 /* LaunchScreen.storyboard in Resources */ = {isa = PBXBuildFile; fileRef = D5002B6221AA295400052935 /* LaunchScreen.storyboard */; };
		D5002B6F21AA295400052935 /* DependsOnSPMPackagesTests.swift in Sources */ = {isa = PBXBuildFile; fileRef = D5002B6E21AA295400052935 /* DependsOnSPMPackagesTests.swift */; };
/* End PBXBuildFile section */

/* Begin PBXContainerItemProxy section */
		D5002B6B21AA295400052935 /* PBXContainerItemProxy */ = {
			isa = PBXContainerItemProxy;
			containerPortal = D5002B4E21AA295100052935 /* Project object */;
			proxyType = 1;
			remoteGlobalIDString = D5002B5521AA295100052935;
			remoteInfo = DependsOnSPMPackages;
		};
/* End PBXContainerItemProxy section */

/* Begin PBXFileReference section */
		D5002B5621AA295100052935 /* DependsOnSPMPackages.app */ = {isa = PBXFileReference; explicitFileType = wrapper.application; includeInIndex = 0; path = DependsOnSPMPackages.app; sourceTree = BUILT_PRODUCTS_DIR; };
		D5002B5921AA295100052935 /* AppDelegate.swift */ = {isa = PBXFileReference; lastKnownFileType = sourcecode.swift; path = AppDelegate.swift; sourceTree = "<group>"; };
		D5002B5B21AA295100052935 /* ViewController.swift */ = {isa = PBXFileReference; lastKnownFileType = sourcecode.swift; path = ViewController.swift; sourceTree = "<group>"; };
		D5002B5E21AA295100052935 /* Base */ = {isa = PBXFileReference; lastKnownFileType = file.storyboard; name = Base; path = Base.lproj/Main.storyboard; sourceTree = "<group>"; };
		D5002B6021AA295400052935 /* Assets.xcassets */ = {isa = PBXFileReference; lastKnownFileType = folder.assetcatalog; path = Assets.xcassets; sourceTree = "<group>"; };
		D5002B6321AA295400052935 /* Base */ = {isa = PBXFileReference; lastKnownFileType = file.storyboard; name = Base; path = Base.lproj/LaunchScreen.storyboard; sourceTree = "<group>"; };
		D5002B6521AA295400052935 /* Info.plist */ = {isa = PBXFileReference; lastKnownFileType = text.plist.xml; path = Info.plist; sourceTree = "<group>"; };
		D5002B6A21AA295400052935 /* DependsOnSPMPackagesTests.xctest */ = {isa = PBXFileReference; explicitFileType = wrapper.cfbundle; includeInIndex = 0; path = DependsOnSPMPackagesTests.xctest; sourceTree = BUILT_PRODUCTS_DIR; };
		D5002B6E21AA295400052935 /* DependsOnSPMPackagesTests.swift */ = {isa = PBXFileReference; lastKnownFileType = sourcecode.swift; path = DependsOnSPMPackagesTests.swift; sourceTree = "<group>"; };
		D5002B7021AA295400052935 /* Info.plist */ = {isa = PBXFileReference; lastKnownFileType = text.plist.xml; path = Info.plist; sourceTree = "<group>"; };
/* End PBXFileReference section */

/* Begin PBXFrameworksBuildPhase section */
		D5002B5321AA295100052935 /* Frameworks */ = {
			isa = PBXFrameworksBuildPhase;
			buildActionMask = 2147483647;
			files = (
			);
			runOnlyForDeploymentPostprocessing = 0;
		};
		D5002B6721AA295400052935 /* Frameworks */ = {
			isa = PBXFrameworksBuildPhase;
			buildActionMask = 2147483647;
			files = (
			);
			runOnlyForDeploymentPostprocessing = 0;
		};
/* End PBXFrameworksBuildPhase section */

/* Begin PBXGroup section */
		D5002B4D21AA295100052935 = {
			isa = PBXGroup;
			children = (
				D5002B5821AA295100052935 /* DependsOnSPMPackages */,
				D5002B6D21AA295400052935 /* DependsOnSPMPackagesTests */,
				D5002B5721AA295100052935 /* Products */,
			);
			sourceTree = "<group>";
		};
		D5002B5721AA295100052935 /* Products */ = {
			isa = PBXGroup;
			children = (
				D5002B5621AA295100052935 /* DependsOnSPMPackages.app */,
				D5002B6A21AA295400052935 /* DependsOnSPMPackagesTests.xctest */,
			);
			name = Products;
			sourceTree = "<group>";
		};
		D5002B5821AA295100052935 /* DependsOnSPMPackages */ = {
			isa = PBXGroup;
			children = (
				D5002B5921AA295100052935 /* AppDelegate.swift */,
				D5002B5B21AA295100052935 /* ViewController.swift */,
				D5002B5D21AA295100052935 /* Main.storyboard */,
				D5002B6021AA295400052935 /* Assets.xcassets */,
				D5002B6221AA295400052935 /* LaunchScreen.storyboard */,
				D5002B6521AA295400052935 /* Info.plist */,
			);
			path = DependsOnSPMPackages;
			sourceTree = "<group>";
		};
		D5002B6D21AA295400052935 /* DependsOnSPMPackagesTests */ = {
			isa = PBXGroup;
			children = (
				D5002B6E21AA295400052935 /* DependsOnSPMPackagesTests.swift */,
				D5002B7021AA295400052935 /* Info.plist */,
			);
			path = DependsOnSPMPackagesTests;
			sourceTree = "<group>";
		};
/* End PBXGroup section */

/* Begin PBXNativeTarget section */
		D5002B5521AA295100052935 /* DependsOnSPMPackages */ = {
			isa = PBXNativeTarget;
			buildConfigurationList = D5002B7321AA295400052935 /* Build configuration list for PBXNativeTarget "DependsOnSPMPackages" */;
			buildPhases = (
				D5002B5221AA295100052935 /* Sources */,
				D5002B5321AA295100052935 /* Frameworks */,
				D5002B5421AA295100052935 /* Resources */,
			);
			buildRules = (
			);
			dependencies = (
			);
			name = DependsOnSPMPackages;
			productName = DependsOnSPMPackages;
			productReference = D5002B5621AA295100052935 /* DependsOnSPMPackages.app */;
			productType = "com.apple.product-type.application";
		};
		D5002B6921AA295400052935 /* DependsOnSPMPackagesTests */ = {
			isa = PBXNativeTarget;
			buildConfigurationList = D5002B7621AA295400052935 /* Build configuration list for PBXNativeTarget "DependsOnSPMPackagesTests" */;
			buildPhases = (
				D5002B6621AA295400052935 /* Sources */,
				D5002B6721AA295400052935 /* Frameworks */,
				D5002B6821AA295400052935 /* Resources */,
			);
			buildRules = (
			);
			dependencies = (
				D5002B6C21AA295400052935 /* PBXTargetDependency */,
			);
			name = DependsOnSPMPackagesTests;
			productName = DependsOnSPMPackagesTests;
			productReference = D5002B6A21AA295400052935 /* DependsOnSPMPackagesTests.xctest */;
			productType = "com.apple.product-type.bundle.unit-test";
		};
/* End PBXNativeTarget section */

/* Begin PBXProject section */
		D5002B4E21AA295100052935 /* Project object */ = {
			isa = PBXProject;
			attributes = {
				LastSwiftUpdateCheck = 1000;
				LastUpgradeCheck = 1000;
				ORGANIZATIONNAME = "Grupo Zap";
				TargetAttributes = {
					D5002B5521AA295100052935 = {
						CreatedOnToolsVersion = 10.0;
					};
					D5002B6921AA295400052935 = {
						CreatedOnToolsVersion = 10.0;
						TestTargetID = D5002B5521AA295100052935;
					};
				};
			};
			buildConfigurationList = D5002B5121AA295100052935 /* Build configuration list for PBXProject "DependsOnSPMPackages" */;
			compatibilityVersion = "Xcode 9.3";
			developmentRegion = en;
			hasScannedForEncodings = 0;
			knownRegions = (
				en,
				Base,
			);
			mainGroup = D5002B4D21AA295100052935;
			productRefGroup = D5002B5721AA295100052935 /* Products */;
			projectDirPath = "";
			projectRoot = "";
			targets = (
				D5002B5521AA295100052935 /* DependsOnSPMPackages */,
				D5002B6921AA295400052935 /* DependsOnSPMPackagesTests */,
			);
		};
/* End PBXProject section */

/* Begin PBXResourcesBuildPhase section */
		D5002B5421AA295100052935 /* Resources */ = {
			isa = PBXResourcesBuildPhase;
			buildActionMask = 2147483647;
			files = (
				D5002B6421AA295400052935 /* LaunchScreen.storyboard in Resources */,
				D5002B6121AA295400052935 /* Assets.xcassets in Resources */,
				D5002B5F21AA295100052935 /* Main.storyboard in Resources */,
			);
			runOnlyForDeploymentPostprocessing = 0;
		};
		D5002B6821AA295400052935 /* Resources */ = {
			isa = PBXResourcesBuildPhase;
			buildActionMask = 2147483647;
			files = (
			);
			runOnlyForDeploymentPostprocessing = 0;
		};
/* End PBXResourcesBuildPhase section */

/* Begin PBXSourcesBuildPhase section */
		D5002B5221AA295100052935 /* Sources */ = {
			isa = PBXSourcesBuildPhase;
			buildActionMask = 2147483647;
			files = (
				D5002B5C21AA295100052935 /* ViewController.swift in Sources */,
				D5002B5A21AA295100052935 /* AppDelegate.swift in Sources */,
			);
			runOnlyForDeploymentPostprocessing = 0;
		};
		D5002B6621AA295400052935 /* Sources */ = {
			isa = PBXSourcesBuildPhase;
			buildActionMask = 2147483647;
			files = (
				D5002B6F21AA295400052935 /* DependsOnSPMPackagesTests.swift in Sources */,
			);
			runOnlyForDeploymentPostprocessing = 0;
		};
/* End PBXSourcesBuildPhase section */

/* Begin PBXTargetDependency section */
		D5002B6C21AA295400052935 /* PBXTargetDependency */ = {
			isa = PBXTargetDependency;
			target = D5002B5521AA295100052935 /* DependsOnSPMPackages */;
			targetProxy = D5002B6B21AA295400052935 /* PBXContainerItemProxy */;
		};
/* End PBXTargetDependency section */

/* Begin PBXVariantGroup section */
		D5002B5D21AA295100052935 /* Main.storyboard */ = {
			isa = PBXVariantGroup;
			children = (
				D5002B5E21AA295100052935 /* Base */,
			);
			name = Main.storyboard;
			sourceTree = "<group>";
		};
		D5002B6221AA295400052935 /* LaunchScreen.storyboard */ = {
			isa = PBXVariantGroup;
			children = (
				D5002B6321AA295400052935 /* Base */,
			);
			name = LaunchScreen.storyboard;
			sourceTree = "<group>";
		};
/* End PBXVariantGroup section */

/* Begin XCBuildConfiguration section */
		D5002B7121AA295400052935 /* Debug */ = {
			isa = XCBuildConfiguration;
			buildSettings = {
				ALWAYS_SEARCH_USER_PATHS = NO;
				CLANG_ANALYZER_NONNULL = YES;
				CLANG_ANALYZER_NUMBER_OBJECT_CONVERSION = YES_AGGRESSIVE;
				CLANG_CXX_LANGUAGE_STANDARD = "gnu++14";
				CLANG_CXX_LIBRARY = "libc++";
				CLANG_ENABLE_MODULES = YES;
				CLANG_ENABLE_OBJC_ARC = YES;
				CLANG_ENABLE_OBJC_WEAK = YES;
				CLANG_WARN_BLOCK_CAPTURE_AUTORELEASING = YES;
				CLANG_WARN_BOOL_CONVERSION = YES;
				CLANG_WARN_COMMA = YES;
				CLANG_WARN_CONSTANT_CONVERSION = YES;
				CLANG_WARN_DEPRECATED_OBJC_IMPLEMENTATIONS = YES;
				CLANG_WARN_DIRECT_OBJC_ISA_USAGE = YES_ERROR;
				CLANG_WARN_DOCUMENTATION_COMMENTS = YES;
				CLANG_WARN_EMPTY_BODY = YES;
				CLANG_WARN_ENUM_CONVERSION = YES;
				CLANG_WARN_INFINITE_RECURSION = YES;
				CLANG_WARN_INT_CONVERSION = YES;
				CLANG_WARN_NON_LITERAL_NULL_CONVERSION = YES;
				CLANG_WARN_OBJC_IMPLICIT_RETAIN_SELF = YES;
				CLANG_WARN_OBJC_LITERAL_CONVERSION = YES;
				CLANG_WARN_OBJC_ROOT_CLASS = YES_ERROR;
				CLANG_WARN_RANGE_LOOP_ANALYSIS = YES;
				CLANG_WARN_STRICT_PROTOTYPES = YES;
				CLANG_WARN_SUSPICIOUS_MOVE = YES;
				CLANG_WARN_UNGUARDED_AVAILABILITY = YES_AGGRESSIVE;
				CLANG_WARN_UNREACHABLE_CODE = YES;
				CLANG_WARN__DUPLICATE_METHOD_MATCH = YES;
				CODE_SIGN_IDENTITY = "iPhone Developer";
				COPY_PHASE_STRIP = NO;
				DEBUG_INFORMATION_FORMAT = dwarf;
				ENABLE_STRICT_OBJC_MSGSEND = YES;
				ENABLE_TESTABILITY = YES;
				GCC_C_LANGUAGE_STANDARD = gnu11;
				GCC_DYNAMIC_NO_PIC = NO;
				GCC_NO_COMMON_BLOCKS = YES;
				GCC_OPTIMIZATION_LEVEL = 0;
				GCC_PREPROCESSOR_DEFINITIONS = (
					"DEBUG=1",
					"$(inherited)",
				);
				GCC_WARN_64_TO_32_BIT_CONVERSION = YES;
				GCC_WARN_ABOUT_RETURN_TYPE = YES_ERROR;
				GCC_WARN_UNDECLARED_SELECTOR = YES;
				GCC_WARN_UNINITIALIZED_AUTOS = YES_AGGRESSIVE;
				GCC_WARN_UNUSED_FUNCTION = YES;
				GCC_WARN_UNUSED_VARIABLE = YES;
				IPHONEOS_DEPLOYMENT_TARGET = 12.0;
				MTL_ENABLE_DEBUG_INFO = INCLUDE_SOURCE;
				MTL_FAST_MATH = YES;
				ONLY_ACTIVE_ARCH = YES;
				SDKROOT = iphoneos;
				SWIFT_ACTIVE_COMPILATION_CONDITIONS = DEBUG;
				SWIFT_OPTIMIZATION_LEVEL = "-Onone";
			};
			name = Debug;
		};
		D5002B7221AA295400052935 /* Release */ = {
			isa = XCBuildConfiguration;
			buildSettings = {
				ALWAYS_SEARCH_USER_PATHS = NO;
				CLANG_ANALYZER_NONNULL = YES;
				CLANG_ANALYZER_NUMBER_OBJECT_CONVERSION = YES_AGGRESSIVE;
				CLANG_CXX_LANGUAGE_STANDARD = "gnu++14";
				CLANG_CXX_LIBRARY = "libc++";
				CLANG_ENABLE_MODULES = YES;
				CLANG_ENABLE_OBJC_ARC = YES;
				CLANG_ENABLE_OBJC_WEAK = YES;
				CLANG_WARN_BLOCK_CAPTURE_AUTORELEASING = YES;
				CLANG_WARN_BOOL_CONVERSION = YES;
				CLANG_WARN_COMMA = YES;
				CLANG_WARN_CONSTANT_CONVERSION = YES;
				CLANG_WARN_DEPRECATED_OBJC_IMPLEMENTATIONS = YES;
				CLANG_WARN_DIRECT_OBJC_ISA_USAGE = YES_ERROR;
				CLANG_WARN_DOCUMENTATION_COMMENTS = YES;
				CLANG_WARN_EMPTY_BODY = YES;
				CLANG_WARN_ENUM_CONVERSION = YES;
				CLANG_WARN_INFINITE_RECURSION = YES;
				CLANG_WARN_INT_CONVERSION = YES;
				CLANG_WARN_NON_LITERAL_NULL_CONVERSION = YES;
				CLANG_WARN_OBJC_IMPLICIT_RETAIN_SELF = YES;
				CLANG_WARN_OBJC_LITERAL_CONVERSION = YES;
				CLANG_WARN_OBJC_ROOT_CLASS = YES_ERROR;
				CLANG_WARN_RANGE_LOOP_ANALYSIS = YES;
				CLANG_WARN_STRICT_PROTOTYPES = YES;
				CLANG_WARN_SUSPICIOUS_MOVE = YES;
				CLANG_WARN_UNGUARDED_AVAILABILITY = YES_AGGRESSIVE;
				CLANG_WARN_UNREACHABLE_CODE = YES;
				CLANG_WARN__DUPLICATE_METHOD_MATCH = YES;
				CODE_SIGN_IDENTITY = "iPhone Developer";
				COPY_PHASE_STRIP = NO;
				DEBUG_INFORMATION_FORMAT = "dwarf-with-dsym";
				ENABLE_NS_ASSERTIONS = NO;
				ENABLE_STRICT_OBJC_MSGSEND = YES;
				GCC_C_LANGUAGE_STANDARD = gnu11;
				GCC_NO_COMMON_BLOCKS = YES;
				GCC_WARN_64_TO_32_BIT_CONVERSION = YES;
				GCC_WARN_ABOUT_RETURN_TYPE = YES_ERROR;
				GCC_WARN_UNDECLARED_SELECTOR = YES;
				GCC_WARN_UNINITIALIZED_AUTOS = YES_AGGRESSIVE;
				GCC_WARN_UNUSED_FUNCTION = YES;
				GCC_WARN_UNUSED_VARIABLE = YES;
				IPHONEOS_DEPLOYMENT_TARGET = 12.0;
				MTL_ENABLE_DEBUG_INFO = NO;
				MTL_FAST_MATH = YES;
				SDKROOT = iphoneos;
				SWIFT_COMPILATION_MODE = wholemodule;
				SWIFT_OPTIMIZATION_LEVEL = "-O";
				VALIDATE_PRODUCT = YES;
			};
			name = Release;
		};
		D5002B7421AA295400052935 /* Debug */ = {
			isa = XCBuildConfiguration;
			buildSettings = {
				ASSETCATALOG_COMPILER_APPICON_NAME = AppIcon;
				CODE_SIGN_STYLE = Automatic;
				DEVELOPMENT_TEAM = X9MK4PBNUW;
				INFOPLIST_FILE = DependsOnSPMPackages/Info.plist;
				LD_RUNPATH_SEARCH_PATHS = (
					"$(inherited)",
					"@executable_path/Frameworks",
				);
				PRODUCT_BUNDLE_IDENTIFIER = com.marinofelipe.DependsOnSPMPackages;
				PRODUCT_NAME = "$(TARGET_NAME)";
				SWIFT_VERSION = 4.2;
				TARGETED_DEVICE_FAMILY = "1,2";
			};
			name = Debug;
		};
		D5002B7521AA295400052935 /* Release */ = {
			isa = XCBuildConfiguration;
			buildSettings = {
				ASSETCATALOG_COMPILER_APPICON_NAME = AppIcon;
				CODE_SIGN_STYLE = Automatic;
				DEVELOPMENT_TEAM = X9MK4PBNUW;
				INFOPLIST_FILE = DependsOnSPMPackages/Info.plist;
				LD_RUNPATH_SEARCH_PATHS = (
					"$(inherited)",
					"@executable_path/Frameworks",
				);
				PRODUCT_BUNDLE_IDENTIFIER = com.marinofelipe.DependsOnSPMPackages;
				PRODUCT_NAME = "$(TARGET_NAME)";
				SWIFT_VERSION = 4.2;
				TARGETED_DEVICE_FAMILY = "1,2";
			};
			name = Release;
		};
		D5002B7721AA295400052935 /* Debug */ = {
			isa = XCBuildConfiguration;
			buildSettings = {
				ALWAYS_EMBED_SWIFT_STANDARD_LIBRARIES = YES;
				BUNDLE_LOADER = "$(TEST_HOST)";
				CODE_SIGN_STYLE = Automatic;
				DEVELOPMENT_TEAM = X9MK4PBNUW;
				INFOPLIST_FILE = DependsOnSPMPackagesTests/Info.plist;
				LD_RUNPATH_SEARCH_PATHS = (
					"$(inherited)",
					"@executable_path/Frameworks",
					"@loader_path/Frameworks",
				);
				PRODUCT_BUNDLE_IDENTIFIER = br.com.zap.DependsOnSPMPackagesTests;
				PRODUCT_NAME = "$(TARGET_NAME)";
				SWIFT_VERSION = 4.2;
				TARGETED_DEVICE_FAMILY = "1,2";
				TEST_HOST = "$(BUILT_PRODUCTS_DIR)/DependsOnSPMPackages.app/DependsOnSPMPackages";
			};
			name = Debug;
		};
		D5002B7821AA295400052935 /* Release */ = {
			isa = XCBuildConfiguration;
			buildSettings = {
				ALWAYS_EMBED_SWIFT_STANDARD_LIBRARIES = YES;
				BUNDLE_LOADER = "$(TEST_HOST)";
				CODE_SIGN_STYLE = Automatic;
				DEVELOPMENT_TEAM = X9MK4PBNUW;
				INFOPLIST_FILE = DependsOnSPMPackagesTests/Info.plist;
				LD_RUNPATH_SEARCH_PATHS = (
					"$(inherited)",
					"@executable_path/Frameworks",
					"@loader_path/Frameworks",
				);
				PRODUCT_BUNDLE_IDENTIFIER = br.com.zap.DependsOnSPMPackagesTests;
				PRODUCT_NAME = "$(TARGET_NAME)";
				SWIFT_VERSION = 4.2;
				TARGETED_DEVICE_FAMILY = "1,2";
				TEST_HOST = "$(BUILT_PRODUCTS_DIR)/DependsOnSPMPackages.app/DependsOnSPMPackages";
			};
			name = Release;
		};
/* End XCBuildConfiguration section */

/* Begin XCConfigurationList section */
		D5002B5121AA295100052935 /* Build configuration list for PBXProject "DependsOnSPMPackages" */ = {
			isa = XCConfigurationList;
			buildConfigurations = (
				D5002B7121AA295400052935 /* Debug */,
				D5002B7221AA295400052935 /* Release */,
			);
			defaultConfigurationIsVisible = 0;
			defaultConfigurationName = Release;
		};
		D5002B7321AA295400052935 /* Build configuration list for PBXNativeTarget "DependsOnSPMPackages" */ = {
			isa = XCConfigurationList;
			buildConfigurations = (
				D5002B7421AA295400052935 /* Debug */,
				D5002B7521AA295400052935 /* Release */,
			);
			defaultConfigurationIsVisible = 0;
			defaultConfigurationName = Release;
		};
		D5002B7621AA295400052935 /* Build configuration list for PBXNativeTarget "DependsOnSPMPackagesTests" */ = {
			isa = XCConfigurationList;
			buildConfigurations = (
				D5002B7721AA295400052935 /* Debug */,
				D5002B7821AA295400052935 /* Release */,
			);
			defaultConfigurationIsVisible = 0;
			defaultConfigurationName = Release;
		};
/* End XCConfigurationList section */
	};
	rootObject = D5002B4E21AA295100052935 /* Project object */;
}
